<?xml version="1.0" encoding="utf-8"?>
<Project ToolsVersion="4.0" xmlns="http://schemas.microsoft.com/developer/msbuild/2003">
  <ItemGroup>
    <Filter Include="Archivos de origen">
      <UniqueIdentifier>{4FC737F1-C7A5-4376-A066-2A32D752A2FF}</UniqueIdentifier>
      <Extensions>cpp;c;cc;cxx;c++;cppm;ixx;def;odl;idl;hpj;bat;asm;asmx</Extensions>
    </Filter>
    <Filter Include="Archivos de encabezado">
      <UniqueIdentifier>{93995380-89BD-4b04-88EB-625FBE52EBFB}</UniqueIdentifier>
      <Extensions>h;hh;hpp;hxx;h++;hm;inl;inc;ipp;xsd</Extensions>
    </Filter>
    <Filter Include="Archivos de recursos">
      <UniqueIdentifier>{67DA6AB6-F800-4c08-8B7A-83BB121AAD01}</UniqueIdentifier>
      <Extensions>rc;ico;cur;bmp;dlg;rc2;rct;bin;rgs;gif;jpg;jpeg;jpe;resx;tiff;tif;png;wav;mfcribbon-ms</Extensions>
    </Filter>
    <Filter Include="Archivos de encabezado\Componentes">
      <UniqueIdentifier>{c6c97676-0587-4912-8274-3bc3c9b32239}</UniqueIdentifier>
    </Filter>
    <Filter Include="Archivos de origen\Componentes">
      <UniqueIdentifier>{3a5bc112-0040-4fe6-a513-50baf3742922}</UniqueIdentifier>
    </Filter>
    <Filter Include="Archivos de encabezado\Listas">
      <UniqueIdentifier>{ded9517e-ff49-472c-ad57-19bf257eac2a}</UniqueIdentifier>
    </Filter>
    <Filter Include="Archivos de encabezado\Composite">
      <UniqueIdentifier>{7672c287-692d-4f77-96c7-105519e16d46}</UniqueIdentifier>
    </Filter>
    <Filter Include="Archivos de origen\Composite">
      <UniqueIdentifier>{c41bb54b-a409-4bc9-95a0-d8a505187efb}</UniqueIdentifier>
    </Filter>
    <Filter Include="Archivos de encabezado\Clientes">
      <UniqueIdentifier>{db511c75-337a-4f78-8889-227f15431c01}</UniqueIdentifier>
    </Filter>
    <Filter Include="Archivos de origen\Clientes">
      <UniqueIdentifier>{8a425270-70d4-475c-8166-6e8972eb93ae}</UniqueIdentifier>
    </Filter>
    <Filter Include="Archivos de encabezado\Variado">
      <UniqueIdentifier>{a37071e6-8478-4fc3-9d06-8c1b71c4996e}</UniqueIdentifier>
    </Filter>
    <Filter Include="Archivos de origen\Variado">
      <UniqueIdentifier>{8b77b00f-ef64-4ebc-a5eb-0f5b253605b5}</UniqueIdentifier>
    </Filter>
    <Filter Include="Archivos de encabezado\Ventas">
      <UniqueIdentifier>{d79878fc-60af-4ff6-a8e7-df29622c9166}</UniqueIdentifier>
    </Filter>
    <Filter Include="Archivos de origen\Ventas">
      <UniqueIdentifier>{f2662991-ca03-4491-b38f-74c97b2c129c}</UniqueIdentifier>
    </Filter>
  </ItemGroup>
  <ItemGroup>
    <ClInclude Include="Procesador.h">
      <Filter>Archivos de encabezado\Componentes</Filter>
    </ClInclude>
    <ClInclude Include="Parlante.h">
      <Filter>Archivos de encabezado\Componentes</Filter>
    </ClInclude>
    <ClInclude Include="Fuente.h">
      <Filter>Archivos de encabezado\Componentes</Filter>
    </ClInclude>
    <ClInclude Include="Componente.h">
      <Filter>Archivos de encabezado\Componentes</Filter>
    </ClInclude>
    <ClInclude Include="IteradorLista.h">
      <Filter>Archivos de encabezado\Listas</Filter>
    </ClInclude>
    <ClInclude Include="Nodo.h">
      <Filter>Archivos de encabezado\Listas</Filter>
    </ClInclude>
    <ClInclude Include="PlantillaLista.h">
      <Filter>Archivos de encabezado\Listas</Filter>
    </ClInclude>
    <ClInclude Include="Sistema.h">
      <Filter>Archivos de encabezado\Composite</Filter>
    </ClInclude>
    <ClInclude Include="Iterador.h">
      <Filter>Archivos de encabezado\Listas</Filter>
    </ClInclude>
    <ClInclude Include="Cliente.h">
      <Filter>Archivos de encabezado\Clientes</Filter>
    </ClInclude>
    <ClInclude Include="Empresa.h">
      <Filter>Archivos de encabezado\Clientes</Filter>
    </ClInclude>
    <ClInclude Include="Persona.h">
      <Filter>Archivos de encabezado\Clientes</Filter>
    </ClInclude>
    <ClInclude Include="Menu.h">
      <Filter>Archivos de encabezado\Variado</Filter>
    </ClInclude>
    <ClInclude Include="Catalogo.h">
      <Filter>Archivos de encabezado\Variado</Filter>
    </ClInclude>
    <ClInclude Include="Fecha.h">
      <Filter>Archivos de encabezado\Variado</Filter>
    </ClInclude>
    <ClInclude Include="Venta.h">
      <Filter>Archivos de encabezado\Ventas</Filter>
    </ClInclude>
    <ClInclude Include="VentaDirecta.h">
      <Filter>Archivos de encabezado\Ventas</Filter>
    </ClInclude>
    <ClInclude Include="VentaEnLinea.h">
      <Filter>Archivos de encabezado\Ventas</Filter>
    </ClInclude>
    <ClInclude Include="Tienda.h">
      <Filter>Archivos de encabezado\Variado</Filter>
    </ClInclude>
    <ClInclude Include="Excepciones.h">
      <Filter>Archivos de encabezado\Variado</Filter>
    </ClInclude>
  </ItemGroup>
  <ItemGroup>
    <ClCompile Include="Procesador.cpp">
      <Filter>Archivos de origen\Componentes</Filter>
    </ClCompile>
    <ClCompile Include="Parlante.cpp">
      <Filter>Archivos de origen\Componentes</Filter>
    </ClCompile>
    <ClCompile Include="Fuente.cpp">
      <Filter>Archivos de origen\Componentes</Filter>
    </ClCompile>
    <ClCompile Include="Source.cpp">
      <Filter>Archivos de origen</Filter>
    </ClCompile>
    <ClCompile Include="Sistema.cpp">
      <Filter>Archivos de origen\Composite</Filter>
    </ClCompile>
    <ClCompile Include="Empresa.cpp">
      <Filter>Archivos de origen\Clientes</Filter>
    </ClCompile>
    <ClCompile Include="Persona.cpp">
      <Filter>Archivos de origen\Clientes</Filter>
    </ClCompile>
    <ClCompile Include="Catalogo.cpp">
      <Filter>Archivos de origen\Variado</Filter>
    </ClCompile>
    <ClCompile Include="Menu.cpp">
      <Filter>Archivos de origen\Variado</Filter>
    </ClCompile>
    <ClCompile Include="Fecha.cpp">
      <Filter>Archivos de origen\Variado</Filter>
    </ClCompile>
    <ClCompile Include="Venta.cpp">
      <Filter>Archivos de origen\Ventas</Filter>
    </ClCompile>
    <ClCompile Include="VentaDirecta.cpp">
      <Filter>Archivos de origen\Ventas</Filter>
    </ClCompile>
    <ClCompile Include="VentaEnLinea.cpp">
      <Filter>Archivos de origen\Ventas</Filter>
    </ClCompile>
    <ClCompile Include="Tienda.cpp">
      <Filter>Archivos de origen\Variado</Filter>
    </ClCompile>
    <ClCompile Include="Excepciones.cpp">
      <Filter>Archivos de origen</Filter>
    </ClCompile>
  </ItemGroup>
</Project>